
Microsoft Visual Studio Solution File, Format Version 12.00
# Visual Studio 15
VisualStudioVersion = 15.0.28010.2026
MinimumVisualStudioVersion = 10.0.40219.1
Project("{8BC9CEB8-8B4A-11D0-8D11-00A0C91BC942}") = "QuickSort", "QuickSort\QuickSort.vcxproj", "{03FC61A8-B8AC-4DDC-B15A-2CBC502B72AD}"
EndProject
Project("{8BC9CEB8-8B4A-11D0-8D11-00A0C91BC942}") = "QuickSortTest", "QuickSortTest\QuickSortTest.vcxproj", "{07ABA688-8A53-46B8-9C94-6BE85E7DFBD2}"
EndProject
Global
	GlobalSection(SolutionConfigurationPlatforms) = preSolution
		Debug|x64 = Debug|x64
		Debug|x86 = Debug|x86
		Release|x64 = Release|x64
		Release|x86 = Release|x86
	EndGlobalSection
	GlobalSection(ProjectConfigurationPlatforms) = postSolution
		{03FC61A8-B8AC-4DDC-B15A-2CBC502B72AD}.Debug|x64.ActiveCfg = Debug|x64
		{03FC61A8-B8AC-4DDC-B15A-2CBC502B72AD}.Debug|x64.Build.0 = Debug|x64
		{03FC61A8-B8AC-4DDC-B15A-2CBC502B72AD}.Debug|x86.ActiveCfg = Debug|Win32
		{03FC61A8-B8AC-4DDC-B15A-2CBC502B72AD}.Debug|x86.Build.0 = Debug|Win32
		{03FC61A8-B8AC-4DDC-B15A-2CBC502B72AD}.Release|x64.ActiveCfg = Release|x64
		{03FC61A8-B8AC-4DDC-B15A-2CBC502B72AD}.Release|x64.Build.0 = Release|x64
		{03FC61A8-B8AC-4DDC-B15A-2CBC502B72AD}.Release|x86.ActiveCfg = Release|Win32
		{03FC61A8-B8AC-4DDC-B15A-2CBC502B72AD}.Release|x86.Build.0 = Release|Win32
		{07ABA688-8A53-46B8-9C94-6BE85E7DFBD2}.Debug|x64.ActiveCfg = Debug|x64
		{07ABA688-8A53-46B8-9C94-6BE85E7DFBD2}.Debug|x64.Build.0 = Debug|x64
		{07ABA688-8A53-46B8-9C94-6BE85E7DFBD2}.Debug|x86.ActiveCfg = Debug|Win32
		{07ABA688-8A53-46B8-9C94-6BE85E7DFBD2}.Debug|x86.Build.0 = Debug|Win32
		{07ABA688-8A53-46B8-9C94-6BE85E7DFBD2}.Release|x64.ActiveCfg = Release|x64
		{07ABA688-8A53-46B8-9C94-6BE85E7DFBD2}.Release|x64.Build.0 = Release|x64
		{07ABA688-8A53-46B8-9C94-6BE85E7DFBD2}.Release|x86.ActiveCfg = Release|Win32
		{07ABA688-8A53-46B8-9C94-6BE85E7DFBD2}.Release|x86.Build.0 = Release|Win32
	EndGlobalSection
	GlobalSection(SolutionProperties) = preSolution
		HideSolutionNode = FALSE
	EndGlobalSection
	GlobalSection(ExtensibilityGlobals) = postSolution
		SolutionGuid = {4049C53D-BBEF-4D93-A07D-B54D77642855}
	EndGlobalSection
EndGlobal
